uuid: 3d95b035-10c6-4afb-81cd-4cc86ff8085d
langcode: en
status: true
dependencies:
  module:
    - event_form
    - node
  theme:
    - bartik
id: formblock
theme: bartik
region: sidebar_second
weight: -10
provider: null
plugin: event_form
settings:
  id: event_form
  label: FormBlock
  label_display: visible
  provider: event_form
visibility:
  'entity_bundle:node':
    id: 'entity_bundle:node'
    negate: false
    context_mapping:
      node: '@node.node_route_context:node'
    bundles:
      event: event
