uuid: 5497cb63-796c-4790-a9f9-97e519f5a9d7
langcode: en
status: true
dependencies:
  module:
    - friend_form
    - node
  theme:
    - bartik
id: friendformblock
theme: bartik
region: sidebar_second
weight: 0
provider: null
plugin: friend_form
settings:
  id: friend_form
  label: 'Friend Form Block'
  label_display: visible
  provider: friend_form
visibility:
  'entity_bundle:node':
    id: 'entity_bundle:node'
    negate: false
    context_mapping:
      node: '@node.node_route_context:node'
    bundles:
      event: event
