uuid: 541ef8e5-ffc1-4069-a00e-cf186e243511
langcode: en
status: true
dependencies:
  module:
    - favorites_count
    - node
  theme:
    - bartik
id: favoriteseventcounterblock
theme: bartik
region: sidebar_second
weight: 0
provider: null
plugin: favorites_count
settings:
  id: favorites_count
  label: 'Favorites Event Counter Block'
  label_display: visible
  provider: favorites_count
visibility:
  'entity_bundle:node':
    id: 'entity_bundle:node'
    negate: false
    context_mapping:
      node: '@node.node_route_context:node'
    bundles:
      event: event
