uuid: 2413cb24-2435-4b36-9825-8dbe58bf6038
langcode: en
status: true
dependencies:
  module:
    - notification
  theme:
    - bartik
id: notificationblock
theme: bartik
region: sidebar_first
weight: -12
provider: null
plugin: notification_block
settings:
  id: notification_block
  label: 'Notification Block'
  label_display: visible
  provider: notification
visibility: {  }
