uuid: d043e7a2-d8fe-4029-9af4-ab1b0ececc33
langcode: en
status: true
dependencies:
  module:
    - event_form
    - node
  theme:
    - bartik
id: friendformblock
theme: bartik
region: sidebar_second
weight: 0
provider: null
plugin: event_form
settings:
  id: event_form
  label: 'Friend Form Block'
  label_display: visible
  provider: event_form
visibility:
  'entity_bundle:node':
    id: 'entity_bundle:node'
    negate: false
    context_mapping:
      node: '@node.node_route_context:node'
    bundles:
      event: event
