uuid: a77058db-8fef-4171-9a60-056563ca73c7
langcode: en
status: true
dependencies:
  module:
    - notification
  theme:
    - bartik
id: notificationblock
theme: bartik
region: sidebar_first
weight: 0
provider: null
plugin: notification_block
settings:
  id: notification_block
  label: 'Notification Block'
  label_display: visible
  provider: notification
visibility: {  }
